// !$*UTF8*$!
{
	archiveVersion = 1;
	classes = {
	};
	objectVersion = 50;
	objects = {

/* Begin PBXBuildFile section */
		0916E69524E443790091EE20 /* NetworkWeatherManager.swift in Sources */ = {isa = PBXBuildFile; fileRef = 0916E69424E443790091EE20 /* NetworkWeatherManager.swift */; };
		0916E69724E445680091EE20 /* Constants.swift in Sources */ = {isa = PBXBuildFile; fileRef = 0916E69624E445680091EE20 /* Constants.swift */; };
		0916E69924E5699C0091EE20 /* CurrentWeatherData.swift in Sources */ = {isa = PBXBuildFile; fileRef = 0916E69824E5699C0091EE20 /* CurrentWeatherData.swift */; };
		0916E69B24E56FF70091EE20 /* CurrentWeather.swift in Sources */ = {isa = PBXBuildFile; fileRef = 0916E69A24E56FF70091EE20 /* CurrentWeather.swift */; };
		09542C5A24E40CA3006E9EA4 /* Main.storyboard in Resources */ = {isa = PBXBuildFile; fileRef = 09542C5824E40CA3006E9EA4 /* Main.storyboard */; };
		09542C5C24E40CA8006E9EA4 /* Assets.xcassets in Resources */ = {isa = PBXBuildFile; fileRef = 09542C5B24E40CA8006E9EA4 /* Assets.xcassets */; };
		09542C5F24E40CA8006E9EA4 /* LaunchScreen.storyboard in Resources */ = {isa = PBXBuildFile; fileRef = 09542C5D24E40CA8006E9EA4 /* LaunchScreen.storyboard */; };
		09542C7124E43EE8006E9EA4 /* Default-568h@2x.png in Resources */ = {isa = PBXBuildFile; fileRef = 09542C7024E43EE8006E9EA4 /* Default-568h@2x.png */; };
		09542C7224E44087006E9EA4 /* ViewController+alertController.swift in Sources */ = {isa = PBXBuildFile; fileRef = 09542C6C24E418CD006E9EA4 /* ViewController+alertController.swift */; };
		09542C7424E4408F006E9EA4 /* AppDelegate.swift in Sources */ = {isa = PBXBuildFile; fileRef = 09542C5224E40CA3006E9EA4 /* AppDelegate.swift */; };
		09542C7524E44093006E9EA4 /* ViewController.swift in Sources */ = {isa = PBXBuildFile; fileRef = 09542C5624E40CA3006E9EA4 /* ViewController.swift */; };
		09542C7624E44098006E9EA4 /* SceneDelegate.swift in Sources */ = {isa = PBXBuildFile; fileRef = 09542C5424E40CA3006E9EA4 /* SceneDelegate.swift */; };
/* End PBXBuildFile section */

/* Begin PBXFileReference section */
		0916E69424E443790091EE20 /* NetworkWeatherManager.swift */ = {isa = PBXFileReference; lastKnownFileType = sourcecode.swift; path = NetworkWeatherManager.swift; sourceTree = "<group>"; };
		0916E69624E445680091EE20 /* Constants.swift */ = {isa = PBXFileReference; lastKnownFileType = sourcecode.swift; path = Constants.swift; sourceTree = "<group>"; };
		0916E69824E5699C0091EE20 /* CurrentWeatherData.swift */ = {isa = PBXFileReference; lastKnownFileType = sourcecode.swift; path = CurrentWeatherData.swift; sourceTree = "<group>"; };
		0916E69A24E56FF70091EE20 /* CurrentWeather.swift */ = {isa = PBXFileReference; lastKnownFileType = sourcecode.swift; path = CurrentWeather.swift; sourceTree = "<group>"; };
		09542C4F24E40CA3006E9EA4 /* WezApp.app */ = {isa = PBXFileReference; explicitFileType = wrapper.application; includeInIndex = 0; path = WezApp.app; sourceTree = BUILT_PRODUCTS_DIR; };
		09542C5224E40CA3006E9EA4 /* AppDelegate.swift */ = {isa = PBXFileReference; lastKnownFileType = sourcecode.swift; path = AppDelegate.swift; sourceTree = "<group>"; };
		09542C5424E40CA3006E9EA4 /* SceneDelegate.swift */ = {isa = PBXFileReference; lastKnownFileType = sourcecode.swift; path = SceneDelegate.swift; sourceTree = "<group>"; };
		09542C5624E40CA3006E9EA4 /* ViewController.swift */ = {isa = PBXFileReference; lastKnownFileType = sourcecode.swift; path = ViewController.swift; sourceTree = "<group>"; };
		09542C5924E40CA3006E9EA4 /* Base */ = {isa = PBXFileReference; lastKnownFileType = file.storyboard; name = Base; path = Base.lproj/Main.storyboard; sourceTree = "<group>"; };
		09542C5B24E40CA8006E9EA4 /* Assets.xcassets */ = {isa = PBXFileReference; lastKnownFileType = folder.assetcatalog; path = Assets.xcassets; sourceTree = "<group>"; };
		09542C5E24E40CA8006E9EA4 /* Base */ = {isa = PBXFileReference; lastKnownFileType = file.storyboard; name = Base; path = Base.lproj/LaunchScreen.storyboard; sourceTree = "<group>"; };
		09542C6024E40CA8006E9EA4 /* Info.plist */ = {isa = PBXFileReference; lastKnownFileType = text.plist.xml; path = Info.plist; sourceTree = "<group>"; };
		09542C6C24E418CD006E9EA4 /* ViewController+alertController.swift */ = {isa = PBXFileReference; lastKnownFileType = sourcecode.swift; path = "ViewController+alertController.swift"; sourceTree = "<group>"; };
		09542C7024E43EE8006E9EA4 /* Default-568h@2x.png */ = {isa = PBXFileReference; lastKnownFileType = image.png; path = "Default-568h@2x.png"; sourceTree = "<group>"; };
/* End PBXFileReference section */

/* Begin PBXFrameworksBuildPhase section */
		09542C4C24E40CA3006E9EA4 /* Frameworks */ = {
			isa = PBXFrameworksBuildPhase;
			buildActionMask = 2147483647;
			files = (
			);
			runOnlyForDeploymentPostprocessing = 0;
		};
/* End PBXFrameworksBuildPhase section */

/* Begin PBXGroup section */
		09542C4624E40CA2006E9EA4 = {
			isa = PBXGroup;
			children = (
				09542C5124E40CA3006E9EA4 /* WezApp */,
				09542C5024E40CA3006E9EA4 /* Products */,
			);
			sourceTree = "<group>";
		};
		09542C5024E40CA3006E9EA4 /* Products */ = {
			isa = PBXGroup;
			children = (
				09542C4F24E40CA3006E9EA4 /* WezApp.app */,
			);
			name = Products;
			sourceTree = "<group>";
		};
		09542C5124E40CA3006E9EA4 /* WezApp */ = {
			isa = PBXGroup;
			children = (
				09542C6B24E40D84006E9EA4 /* Extensions */,
				09542C6924E40D6C006E9EA4 /* Views */,
				09542C6824E40D69006E9EA4 /* Models */,
				09542C6724E40D65006E9EA4 /* ViewControllers */,
				09542C6624E40D60006E9EA4 /* SupportingFiles */,
			);
			path = WezApp;
			sourceTree = "<group>";
		};
		09542C6624E40D60006E9EA4 /* SupportingFiles */ = {
			isa = PBXGroup;
			children = (
				09542C5224E40CA3006E9EA4 /* AppDelegate.swift */,
				09542C5424E40CA3006E9EA4 /* SceneDelegate.swift */,
				0916E69624E445680091EE20 /* Constants.swift */,
				09542C5B24E40CA8006E9EA4 /* Assets.xcassets */,
				09542C7024E43EE8006E9EA4 /* Default-568h@2x.png */,
				09542C6024E40CA8006E9EA4 /* Info.plist */,
			);
			path = SupportingFiles;
			sourceTree = "<group>";
		};
		09542C6724E40D65006E9EA4 /* ViewControllers */ = {
			isa = PBXGroup;
			children = (
				09542C5624E40CA3006E9EA4 /* ViewController.swift */,
			);
			path = ViewControllers;
			sourceTree = "<group>";
		};
		09542C6824E40D69006E9EA4 /* Models */ = {
			isa = PBXGroup;
			children = (
				0916E69424E443790091EE20 /* NetworkWeatherManager.swift */,
				0916E69A24E56FF70091EE20 /* CurrentWeather.swift */,
				0916E69824E5699C0091EE20 /* CurrentWeatherData.swift */,
			);
			path = Models;
			sourceTree = "<group>";
		};
		09542C6924E40D6C006E9EA4 /* Views */ = {
			isa = PBXGroup;
			children = (
				09542C5824E40CA3006E9EA4 /* Main.storyboard */,
				09542C5D24E40CA8006E9EA4 /* LaunchScreen.storyboard */,
			);
			path = Views;
			sourceTree = "<group>";
		};
		09542C6B24E40D84006E9EA4 /* Extensions */ = {
			isa = PBXGroup;
			children = (
				09542C6C24E418CD006E9EA4 /* ViewController+alertController.swift */,
			);
			path = Extensions;
			sourceTree = "<group>";
		};
/* End PBXGroup section */

/* Begin PBXNativeTarget section */
		09542C4E24E40CA3006E9EA4 /* WezApp */ = {
			isa = PBXNativeTarget;
			buildConfigurationList = 09542C6324E40CA8006E9EA4 /* Build configuration list for PBXNativeTarget "WezApp" */;
			buildPhases = (
				09542C4B24E40CA3006E9EA4 /* Sources */,
				09542C4C24E40CA3006E9EA4 /* Frameworks */,
				09542C4D24E40CA3006E9EA4 /* Resources */,
			);
			buildRules = (
			);
			dependencies = (
			);
			name = WezApp;
			productName = WezApp;
			productReference = 09542C4F24E40CA3006E9EA4 /* WezApp.app */;
			productType = "com.apple.product-type.application";
		};
/* End PBXNativeTarget section */

/* Begin PBXProject section */
		09542C4724E40CA2006E9EA4 /* Project object */ = {
			isa = PBXProject;
			attributes = {
				LastSwiftUpdateCheck = 1150;
				LastUpgradeCheck = 1150;
				ORGANIZATIONNAME = "Andrew Boldyrev";
				TargetAttributes = {
					09542C4E24E40CA3006E9EA4 = {
						CreatedOnToolsVersion = 11.5;
					};
				};
			};
			buildConfigurationList = 09542C4A24E40CA2006E9EA4 /* Build configuration list for PBXProject "WezApp" */;
			compatibilityVersion = "Xcode 9.3";
			developmentRegion = en;
			hasScannedForEncodings = 0;
			knownRegions = (
				en,
				Base,
			);
			mainGroup = 09542C4624E40CA2006E9EA4;
			productRefGroup = 09542C5024E40CA3006E9EA4 /* Products */;
			projectDirPath = "";
			projectRoot = "";
			targets = (
				09542C4E24E40CA3006E9EA4 /* WezApp */,
			);
		};
/* End PBXProject section */

/* Begin PBXResourcesBuildPhase section */
		09542C4D24E40CA3006E9EA4 /* Resources */ = {
			isa = PBXResourcesBuildPhase;
			buildActionMask = 2147483647;
			files = (
				09542C5F24E40CA8006E9EA4 /* LaunchScreen.storyboard in Resources */,
				09542C7124E43EE8006E9EA4 /* Default-568h@2x.png in Resources */,
				09542C5C24E40CA8006E9EA4 /* Assets.xcassets in Resources */,
				09542C5A24E40CA3006E9EA4 /* Main.storyboard in Resources */,
			);
			runOnlyForDeploymentPostprocessing = 0;
		};
/* End PBXResourcesBuildPhase section */

/* Begin PBXSourcesBuildPhase section */
		09542C4B24E40CA3006E9EA4 /* Sources */ = {
			isa = PBXSourcesBuildPhase;
			buildActionMask = 2147483647;
			files = (
				09542C7624E44098006E9EA4 /* SceneDelegate.swift in Sources */,
				09542C7524E44093006E9EA4 /* ViewController.swift in Sources */,
				0916E69B24E56FF70091EE20 /* CurrentWeather.swift in Sources */,
				0916E69524E443790091EE20 /* NetworkWeatherManager.swift in Sources */,
				09542C7424E4408F006E9EA4 /* AppDelegate.swift in Sources */,
				09542C7224E44087006E9EA4 /* ViewController+alertController.swift in Sources */,
				0916E69924E5699C0091EE20 /* CurrentWeatherData.swift in Sources */,
				0916E69724E445680091EE20 /* Constants.swift in Sources */,
			);
			runOnlyForDeploymentPostprocessing = 0;
		};
/* End PBXSourcesBuildPhase section */

/* Begin PBXVariantGroup section */
		09542C5824E40CA3006E9EA4 /* Main.storyboard */ = {
			isa = PBXVariantGroup;
			children = (
				09542C5924E40CA3006E9EA4 /* Base */,
			);
			name = Main.storyboard;
			sourceTree = "<group>";
		};
		09542C5D24E40CA8006E9EA4 /* LaunchScreen.storyboard */ = {
			isa = PBXVariantGroup;
			children = (
				09542C5E24E40CA8006E9EA4 /* Base */,
			);
			name = LaunchScreen.storyboard;
			sourceTree = "<group>";
		};
/* End PBXVariantGroup section */

/* Begin XCBuildConfiguration section */
		09542C6124E40CA8006E9EA4 /* Debug */ = {
			isa = XCBuildConfiguration;
			buildSettings = {
				ALWAYS_SEARCH_USER_PATHS = NO;
				CLANG_ANALYZER_NONNULL = YES;
				CLANG_ANALYZER_NUMBER_OBJECT_CONVERSION = YES_AGGRESSIVE;
				CLANG_CXX_LANGUAGE_STANDARD = "gnu++14";
				CLANG_CXX_LIBRARY = "libc++";
				CLANG_ENABLE_MODULES = YES;
				CLANG_ENABLE_OBJC_ARC = YES;
				CLANG_ENABLE_OBJC_WEAK = YES;
				CLANG_WARN_BLOCK_CAPTURE_AUTORELEASING = YES;
				CLANG_WARN_BOOL_CONVERSION = YES;
				CLANG_WARN_COMMA = YES;
				CLANG_WARN_CONSTANT_CONVERSION = YES;
				CLANG_WARN_DEPRECATED_OBJC_IMPLEMENTATIONS = YES;
				CLANG_WARN_DIRECT_OBJC_ISA_USAGE = YES_ERROR;
				CLANG_WARN_DOCUMENTATION_COMMENTS = YES;
				CLANG_WARN_EMPTY_BODY = YES;
				CLANG_WARN_ENUM_CONVERSION = YES;
				CLANG_WARN_INFINITE_RECURSION = YES;
				CLANG_WARN_INT_CONVERSION = YES;
				CLANG_WARN_NON_LITERAL_NULL_CONVERSION = YES;
				CLANG_WARN_OBJC_IMPLICIT_RETAIN_SELF = YES;
				CLANG_WARN_OBJC_LITERAL_CONVERSION = YES;
				CLANG_WARN_OBJC_ROOT_CLASS = YES_ERROR;
				CLANG_WARN_RANGE_LOOP_ANALYSIS = YES;
				CLANG_WARN_STRICT_PROTOTYPES = YES;
				CLANG_WARN_SUSPICIOUS_MOVE = YES;
				CLANG_WARN_UNGUARDED_AVAILABILITY = YES_AGGRESSIVE;
				CLANG_WARN_UNREACHABLE_CODE = YES;
				CLANG_WARN__DUPLICATE_METHOD_MATCH = YES;
				COPY_PHASE_STRIP = NO;
				DEBUG_INFORMATION_FORMAT = dwarf;
				ENABLE_STRICT_OBJC_MSGSEND = YES;
				ENABLE_TESTABILITY = YES;
				GCC_C_LANGUAGE_STANDARD = gnu11;
				GCC_DYNAMIC_NO_PIC = NO;
				GCC_NO_COMMON_BLOCKS = YES;
				GCC_OPTIMIZATION_LEVEL = 0;
				GCC_PREPROCESSOR_DEFINITIONS = (
					"DEBUG=1",
					"$(inherited)",
				);
				GCC_WARN_64_TO_32_BIT_CONVERSION = YES;
				GCC_WARN_ABOUT_RETURN_TYPE = YES_ERROR;
				GCC_WARN_UNDECLARED_SELECTOR = YES;
				GCC_WARN_UNINITIALIZED_AUTOS = YES_AGGRESSIVE;
				GCC_WARN_UNUSED_FUNCTION = YES;
				GCC_WARN_UNUSED_VARIABLE = YES;
				IPHONEOS_DEPLOYMENT_TARGET = 13.5;
				MTL_ENABLE_DEBUG_INFO = INCLUDE_SOURCE;
				MTL_FAST_MATH = YES;
				ONLY_ACTIVE_ARCH = YES;
				SDKROOT = iphoneos;
				SWIFT_ACTIVE_COMPILATION_CONDITIONS = DEBUG;
				SWIFT_OPTIMIZATION_LEVEL = "-Onone";
			};
			name = Debug;
		};
		09542C6224E40CA8006E9EA4 /* Release */ = {
			isa = XCBuildConfiguration;
			buildSettings = {
				ALWAYS_SEARCH_USER_PATHS = NO;
				CLANG_ANALYZER_NONNULL = YES;
				CLANG_ANALYZER_NUMBER_OBJECT_CONVERSION = YES_AGGRESSIVE;
				CLANG_CXX_LANGUAGE_STANDARD = "gnu++14";
				CLANG_CXX_LIBRARY = "libc++";
				CLANG_ENABLE_MODULES = YES;
				CLANG_ENABLE_OBJC_ARC = YES;
				CLANG_ENABLE_OBJC_WEAK = YES;
				CLANG_WARN_BLOCK_CAPTURE_AUTORELEASING = YES;
				CLANG_WARN_BOOL_CONVERSION = YES;
				CLANG_WARN_COMMA = YES;
				CLANG_WARN_CONSTANT_CONVERSION = YES;
				CLANG_WARN_DEPRECATED_OBJC_IMPLEMENTATIONS = YES;
				CLANG_WARN_DIRECT_OBJC_ISA_USAGE = YES_ERROR;
				CLANG_WARN_DOCUMENTATION_COMMENTS = YES;
				CLANG_WARN_EMPTY_BODY = YES;
				CLANG_WARN_ENUM_CONVERSION = YES;
				CLANG_WARN_INFINITE_RECURSION = YES;
				CLANG_WARN_INT_CONVERSION = YES;
				CLANG_WARN_NON_LITERAL_NULL_CONVERSION = YES;
				CLANG_WARN_OBJC_IMPLICIT_RETAIN_SELF = YES;
				CLANG_WARN_OBJC_LITERAL_CONVERSION = YES;
				CLANG_WARN_OBJC_ROOT_CLASS = YES_ERROR;
				CLANG_WARN_RANGE_LOOP_ANALYSIS = YES;
				CLANG_WARN_STRICT_PROTOTYPES = YES;
				CLANG_WARN_SUSPICIOUS_MOVE = YES;
				CLANG_WARN_UNGUARDED_AVAILABILITY = YES_AGGRESSIVE;
				CLANG_WARN_UNREACHABLE_CODE = YES;
				CLANG_WARN__DUPLICATE_METHOD_MATCH = YES;
				COPY_PHASE_STRIP = NO;
				DEBUG_INFORMATION_FORMAT = "dwarf-with-dsym";
				ENABLE_NS_ASSERTIONS = NO;
				ENABLE_STRICT_OBJC_MSGSEND = YES;
				GCC_C_LANGUAGE_STANDARD = gnu11;
				GCC_NO_COMMON_BLOCKS = YES;
				GCC_WARN_64_TO_32_BIT_CONVERSION = YES;
				GCC_WARN_ABOUT_RETURN_TYPE = YES_ERROR;
				GCC_WARN_UNDECLARED_SELECTOR = YES;
				GCC_WARN_UNINITIALIZED_AUTOS = YES_AGGRESSIVE;
				GCC_WARN_UNUSED_FUNCTION = YES;
				GCC_WARN_UNUSED_VARIABLE = YES;
				IPHONEOS_DEPLOYMENT_TARGET = 13.5;
				MTL_ENABLE_DEBUG_INFO = NO;
				MTL_FAST_MATH = YES;
				SDKROOT = iphoneos;
				SWIFT_COMPILATION_MODE = wholemodule;
				SWIFT_OPTIMIZATION_LEVEL = "-O";
				VALIDATE_PRODUCT = YES;
			};
			name = Release;
		};
		09542C6424E40CA8006E9EA4 /* Debug */ = {
			isa = XCBuildConfiguration;
			buildSettings = {
				ASSETCATALOG_COMPILER_APPICON_NAME = AppIcon;
				CODE_SIGN_STYLE = Automatic;
				DEVELOPMENT_TEAM = 4MCUPQ9NXA;
				INFOPLIST_FILE = "$(SRCROOT)/WezApp/SupportingFiles/Info.plist";
				LD_RUNPATH_SEARCH_PATHS = (
					"$(inherited)",
					"@executable_path/Frameworks",
				);
				PRODUCT_BUNDLE_IDENTIFIER = djedjo.WezApp;
				PRODUCT_NAME = "$(TARGET_NAME)";
				SWIFT_VERSION = 5.0;
				TARGETED_DEVICE_FAMILY = "1,2";
			};
			name = Debug;
		};
		09542C6524E40CA8006E9EA4 /* Release */ = {
			isa = XCBuildConfiguration;
			buildSettings = {
				ASSETCATALOG_COMPILER_APPICON_NAME = AppIcon;
				CODE_SIGN_STYLE = Automatic;
				DEVELOPMENT_TEAM = 4MCUPQ9NXA;
				INFOPLIST_FILE = "$(SRCROOT)/WezApp/SupportingFiles/Info.plist";
				"INFOPLIST_FILE[sdk=*]" = WezApp/SupportingFiles/Info.plist;
				LD_RUNPATH_SEARCH_PATHS = (
					"$(inherited)",
					"@executable_path/Frameworks",
				);
				PRODUCT_BUNDLE_IDENTIFIER = djedjo.WezApp;
				PRODUCT_NAME = "$(TARGET_NAME)";
				SWIFT_VERSION = 5.0;
				TARGETED_DEVICE_FAMILY = "1,2";
			};
			name = Release;
		};
/* End XCBuildConfiguration section */

/* Begin XCConfigurationList section */
		09542C4A24E40CA2006E9EA4 /* Build configuration list for PBXProject "WezApp" */ = {
			isa = XCConfigurationList;
			buildConfigurations = (
				09542C6124E40CA8006E9EA4 /* Debug */,
				09542C6224E40CA8006E9EA4 /* Release */,
			);
			defaultConfigurationIsVisible = 0;
			defaultConfigurationName = Release;
		};
		09542C6324E40CA8006E9EA4 /* Build configuration list for PBXNativeTarget "WezApp" */ = {
			isa = XCConfigurationList;
			buildConfigurations = (
				09542C6424E40CA8006E9EA4 /* Debug */,
				09542C6524E40CA8006E9EA4 /* Release */,
			);
			defaultConfigurationIsVisible = 0;
			defaultConfigurationName = Release;
		};
/* End XCConfigurationList section */
	};
	rootObject = 09542C4724E40CA2006E9EA4 /* Project object */;
}
